<?xml version="1.0" encoding="utf-8"?>
<Project ToolsVersion="4.0" xmlns="http://schemas.microsoft.com/developer/msbuild/2003">
  <ItemGroup>
    <Filter Include="源文件">
      <UniqueIdentifier>{4FC737F1-C7A5-4376-A066-2A32D752A2FF}</UniqueIdentifier>
      <Extensions>cpp;c;cc;cxx;c++;cppm;ixx;def;odl;idl;hpj;bat;asm;asmx</Extensions>
    </Filter>
    <Filter Include="头文件">
      <UniqueIdentifier>{93995380-89BD-4b04-88EB-625FBE52EBFB}</UniqueIdentifier>
      <Extensions>h;hh;hpp;hxx;h++;hm;inl;inc;ipp;xsd</Extensions>
    </Filter>
    <Filter Include="资源文件">
      <UniqueIdentifier>{67DA6AB6-F800-4c08-8B7A-83BB121AAD01}</UniqueIdentifier>
      <Extensions>rc;ico;cur;bmp;dlg;rc2;rct;bin;rgs;gif;jpg;jpeg;jpe;resx;tiff;tif;png;wav;mfcribbon-ms</Extensions>
    </Filter>
    <Filter Include="Game">
      <UniqueIdentifier>{c8d4c31a-c06b-40c0-8e27-f392518f3274}</UniqueIdentifier>
    </Filter>
    <Filter Include="State">
      <UniqueIdentifier>{8a54a698-df4e-43a1-8a09-005b76d691aa}</UniqueIdentifier>
    </Filter>
    <Filter Include="Button">
      <UniqueIdentifier>{06fa32cb-fbca-45ea-92ce-bb88c23793b5}</UniqueIdentifier>
    </Filter>
    <Filter Include="Perk">
      <UniqueIdentifier>{ac11468d-e35a-44c8-ad11-8aa356d7de28}</UniqueIdentifier>
    </Filter>
    <Filter Include="Card">
      <UniqueIdentifier>{86e37f29-bfa7-409d-89b6-b61b89239720}</UniqueIdentifier>
    </Filter>
    <Filter Include="Thumbnail">
      <UniqueIdentifier>{e8648936-b625-4ae9-a042-10bae045f211}</UniqueIdentifier>
    </Filter>
    <Filter Include="Title">
      <UniqueIdentifier>{c7d37832-5329-4363-b61d-248d630809c3}</UniqueIdentifier>
    </Filter>
    <Filter Include="Body">
      <UniqueIdentifier>{ffcd11f0-3df6-4bc7-9e5d-6036088ba660}</UniqueIdentifier>
    </Filter>
  </ItemGroup>
  <ItemGroup>
    <ClCompile Include="main.cpp">
      <Filter>源文件</Filter>
    </ClCompile>
    <ClCompile Include="Game.cpp">
      <Filter>Game</Filter>
    </ClCompile>
    <ClCompile Include="State.cpp">
      <Filter>State</Filter>
    </ClCompile>
    <ClCompile Include="Button.cpp">
      <Filter>Button</Filter>
    </ClCompile>
    <ClCompile Include="Perk.cpp">
      <Filter>Perk</Filter>
    </ClCompile>
    <ClCompile Include="Card.cpp">
      <Filter>Card</Filter>
    </ClCompile>
    <ClCompile Include="Thumbnail.cpp">
      <Filter>Thumbnail</Filter>
    </ClCompile>
    <ClCompile Include="Title.cpp">
      <Filter>Title</Filter>
    </ClCompile>
    <ClCompile Include="Body.cpp">
      <Filter>Body</Filter>
    </ClCompile>
  </ItemGroup>
  <ItemGroup>
    <ClInclude Include="Game.h">
      <Filter>Game</Filter>
    </ClInclude>
    <ClInclude Include="State.h">
      <Filter>State</Filter>
    </ClInclude>
    <ClInclude Include="Button.h">
      <Filter>Button</Filter>
    </ClInclude>
    <ClInclude Include="Perk.h">
      <Filter>Perk</Filter>
    </ClInclude>
    <ClInclude Include="Card.h">
      <Filter>Card</Filter>
    </ClInclude>
    <ClInclude Include="Thumbnail.h">
      <Filter>Thumbnail</Filter>
    </ClInclude>
    <ClInclude Include="Title.h">
      <Filter>Title</Filter>
    </ClInclude>
    <ClInclude Include="Body.h">
      <Filter>Body</Filter>
    </ClInclude>
    <ClInclude Include="resource.h">
      <Filter>头文件</Filter>
    </ClInclude>
  </ItemGroup>
  <ItemGroup>
    <ResourceCompile Include="FO76PerksSimulator.rc">
      <Filter>资源文件</Filter>
    </ResourceCompile>
  </ItemGroup>
  <ItemGroup>
    <Image Include="C:\Users\24184\Desktop\adb3d-n06zu-001.ico">
      <Filter>资源文件</Filter>
    </Image>
  </ItemGroup>
</Project>